<?xml version="1.0" encoding="utf-8"?>
<Project ToolsVersion="4.0" xmlns="http://schemas.microsoft.com/developer/msbuild/2003">
  <ItemGroup>
    <Filter Include="Source Files">
      <UniqueIdentifier>{4FC737F1-C7A5-4376-A066-2A32D752A2FF}</UniqueIdentifier>
      <Extensions>cpp;c;cc;cxx;def;odl;idl;hpj;bat;asm;asmx</Extensions>
    </Filter>
    <Filter Include="Header Files">
      <UniqueIdentifier>{93995380-89BD-4b04-88EB-625FBE52EBFB}</UniqueIdentifier>
      <Extensions>h;hh;hpp;hxx;hm;inl;inc;xsd</Extensions>
    </Filter>
    <Filter Include="Resource Files">
      <UniqueIdentifier>{67DA6AB6-F800-4c08-8B7A-83BB121AAD01}</UniqueIdentifier>
      <Extensions>rc;ico;cur;bmp;dlg;rc2;rct;bin;rgs;gif;jpg;jpeg;jpe;resx;tiff;tif;png;wav;mfcribbon-ms</Extensions>
    </Filter>
  </ItemGroup>
  <ItemGroup>
    <ClInclude Include="..\..\src\setka\Socket.hpp" />
    <ClInclude Include="..\..\src\setka\Socket.hpp" />
    <ClInclude Include="..\..\src\setka\Exc.hpp">
      <Filter>Header Files</Filter>
    </ClInclude>
    <ClInclude Include="..\..\src\setka\HostNameResolver.hpp" />
    <ClInclude Include="..\..\src\setka\IPAddress.hpp" />
    <ClInclude Include="..\..\src\setka\Setka.hpp" />
    <ClInclude Include="..\..\src\setka\Socket.hpp" />
    <ClInclude Include="..\..\src\setka\TCPServerSocket.hpp" />
    <ClInclude Include="..\..\src\setka\TCPSocket.hpp" />
    <ClInclude Include="..\..\src\setka\UDPSocket.hpp" />
    <ClInclude Include="..\..\src\setka\Exc.hpp">
      <Filter>Header Files</Filter>
    </ClInclude>
    <ClInclude Include="..\..\src\setka\HostNameResolver.hpp" />
    <ClInclude Include="..\..\src\setka\IPAddress.hpp" />
    <ClInclude Include="..\..\src\setka\Setka.hpp" />
    <ClInclude Include="..\..\src\setka\Socket.hpp" />
    <ClInclude Include="..\..\src\setka\TCPServerSocket.hpp" />
    <ClInclude Include="..\..\src\setka\TCPSocket.hpp" />
    <ClInclude Include="..\..\src\setka\UDPSocket.hpp" />
    <ClInclude Include="..\..\src\setka\Exc.hpp">
      <Filter>Header Files</Filter>
    </ClInclude>
    <ClInclude Include="..\..\src\setka\HostNameResolver.hpp" />
    <ClInclude Include="..\..\src\setka\IPAddress.hpp" />
    <ClInclude Include="..\..\src\setka\Setka.hpp" />
    <ClInclude Include="..\..\src\setka\Socket.hpp" />
    <ClInclude Include="..\..\src\setka\TCPServerSocket.hpp" />
    <ClInclude Include="..\..\src\setka\TCPSocket.hpp" />
    <ClInclude Include="..\..\src\setka\UDPSocket.hpp" />
    <ClInclude Include="..\..\src\setka\address.hpp">
      <Filter>Header Files</Filter>
    </ClInclude>
    <ClInclude Include="..\..\src\setka\dns_resolver.hpp">
      <Filter>Header Files</Filter>
    </ClInclude>
    <ClInclude Include="..\..\src\setka\init_guard.hpp">
      <Filter>Header Files</Filter>
    </ClInclude>
    <ClInclude Include="..\..\src\setka\tcp_server_socket.hpp">
      <Filter>Header Files</Filter>
    </ClInclude>
    <ClInclude Include="..\..\src\setka\tcp_socket.hpp">
      <Filter>Header Files</Filter>
    </ClInclude>
    <ClInclude Include="..\..\src\setka\udp_socket.hpp">
      <Filter>Header Files</Filter>
    </ClInclude>
  </ItemGroup>
  <ItemGroup>
    <ClCompile Include="..\..\src\setka\Socket.cpp" />
    <ClCompile Include="..\..\src\setka\Socket.cpp" />
    <ClCompile Include="..\..\src\setka\HostNameResolver.cpp">
      <Filter>Source Files</Filter>
    </ClCompile>
    <ClCompile Include="..\..\src\setka\IPAddress.cpp" />
    <ClCompile Include="..\..\src\setka\Setka.cpp" />
    <ClCompile Include="..\..\src\setka\Socket.cpp" />
    <ClCompile Include="..\..\src\setka\TCPServerSocket.cpp" />
    <ClCompile Include="..\..\src\setka\TCPSocket.cpp" />
    <ClCompile Include="..\..\src\setka\UDPSocket.cpp" />
    <ClCompile Include="..\..\src\setka\HostNameResolver.cpp">
      <Filter>Source Files</Filter>
    </ClCompile>
    <ClCompile Include="..\..\src\setka\IPAddress.cpp" />
    <ClCompile Include="..\..\src\setka\Setka.cpp" />
    <ClCompile Include="..\..\src\setka\Socket.cpp" />
    <ClCompile Include="..\..\src\setka\TCPServerSocket.cpp" />
    <ClCompile Include="..\..\src\setka\TCPSocket.cpp" />
    <ClCompile Include="..\..\src\setka\UDPSocket.cpp" />
    <ClCompile Include="..\..\src\setka\address.cpp">
      <Filter>Source Files</Filter>
    </ClCompile>
    <ClCompile Include="..\..\src\setka\dns_resolver.cpp">
      <Filter>Source Files</Filter>
    </ClCompile>
    <ClCompile Include="..\..\src\setka\init_guard.cpp">
      <Filter>Source Files</Filter>
    </ClCompile>
    <ClCompile Include="..\..\src\setka\tcp_server_socket.cpp">
      <Filter>Source Files</Filter>
    </ClCompile>
    <ClCompile Include="..\..\src\setka\tcp_socket.cpp">
      <Filter>Source Files</Filter>
    </ClCompile>
    <ClCompile Include="..\..\src\setka\udp_socket.cpp">
      <Filter>Source Files</Filter>
    </ClCompile>
  </ItemGroup>
  <ItemGroup>
    <None Include="packages.config" />
  </ItemGroup>
</Project>